
Microsoft Visual Studio Solution File, Format Version 12.00
# Visual Studio 14
VisualStudioVersion = 14.0.25123.0
MinimumVisualStudioVersion = 10.0.40219.1
Project("{FAE04EC0-301F-11D3-BF4B-00C04F79EFBC}") = "MMEx.Xamarin", "MMEx.Xamarin\MMEx.Xamarin.csproj", "{FFCC698D-E6E7-4634-9FB6-B65434255651}"
EndProject
Project("{FAE04EC0-301F-11D3-BF4B-00C04F79EFBC}") = "MMEx.Xamarin.Droid", "MMEx.Xamarin.Droid\MMEx.Xamarin.Droid.csproj", "{1A6CA0B6-C281-4F1C-A9E5-265060B7F21D}"
EndProject
Project("{FAE04EC0-301F-11D3-BF4B-00C04F79EFBC}") = "MMEx.Xamarin.iOS", "MMEx.Xamarin.iOS\MMEx.Xamarin.iOS.csproj", "{64C2E589-0583-40E8-A20F-B43948ADAAC5}"
EndProject
Project("{FAE04EC0-301F-11D3-BF4B-00C04F79EFBC}") = "MMEx.Xamarin.UWP", "MMEx.Xamarin.UWP\MMEx.Xamarin.UWP.csproj", "{479B0549-E0D3-4F7E-863B-7EE74B50A9CE}"
EndProject
Global
	GlobalSection(SolutionConfigurationPlatforms) = preSolution
		Ad-Hoc|Any CPU = Ad-Hoc|Any CPU
		Ad-Hoc|ARM = Ad-Hoc|ARM
		Ad-Hoc|iPhone = Ad-Hoc|iPhone
		Ad-Hoc|iPhoneSimulator = Ad-Hoc|iPhoneSimulator
		Ad-Hoc|x64 = Ad-Hoc|x64
		Ad-Hoc|x86 = Ad-Hoc|x86
		AppStore|Any CPU = AppStore|Any CPU
		AppStore|ARM = AppStore|ARM
		AppStore|iPhone = AppStore|iPhone
		AppStore|iPhoneSimulator = AppStore|iPhoneSimulator
		AppStore|x64 = AppStore|x64
		AppStore|x86 = AppStore|x86
		Debug|Any CPU = Debug|Any CPU
		Debug|ARM = Debug|ARM
		Debug|iPhone = Debug|iPhone
		Debug|iPhoneSimulator = Debug|iPhoneSimulator
		Debug|x64 = Debug|x64
		Debug|x86 = Debug|x86
		Release|Any CPU = Release|Any CPU
		Release|ARM = Release|ARM
		Release|iPhone = Release|iPhone
		Release|iPhoneSimulator = Release|iPhoneSimulator
		Release|x64 = Release|x64
		Release|x86 = Release|x86
	EndGlobalSection
	GlobalSection(ProjectConfigurationPlatforms) = postSolution
		{FFCC698D-E6E7-4634-9FB6-B65434255651}.Ad-Hoc|Any CPU.ActiveCfg = Release|Any CPU
		{FFCC698D-E6E7-4634-9FB6-B65434255651}.Ad-Hoc|Any CPU.Build.0 = Release|Any CPU
		{FFCC698D-E6E7-4634-9FB6-B65434255651}.Ad-Hoc|ARM.ActiveCfg = Release|Any CPU
		{FFCC698D-E6E7-4634-9FB6-B65434255651}.Ad-Hoc|ARM.Build.0 = Release|Any CPU
		{FFCC698D-E6E7-4634-9FB6-B65434255651}.Ad-Hoc|iPhone.ActiveCfg = Release|Any CPU
		{FFCC698D-E6E7-4634-9FB6-B65434255651}.Ad-Hoc|iPhone.Build.0 = Release|Any CPU
		{FFCC698D-E6E7-4634-9FB6-B65434255651}.Ad-Hoc|iPhoneSimulator.ActiveCfg = Release|Any CPU
		{FFCC698D-E6E7-4634-9FB6-B65434255651}.Ad-Hoc|iPhoneSimulator.Build.0 = Release|Any CPU
		{FFCC698D-E6E7-4634-9FB6-B65434255651}.Ad-Hoc|x64.ActiveCfg = Release|Any CPU
		{FFCC698D-E6E7-4634-9FB6-B65434255651}.Ad-Hoc|x64.Build.0 = Release|Any CPU
		{FFCC698D-E6E7-4634-9FB6-B65434255651}.Ad-Hoc|x86.ActiveCfg = Release|Any CPU
		{FFCC698D-E6E7-4634-9FB6-B65434255651}.Ad-Hoc|x86.Build.0 = Release|Any CPU
		{FFCC698D-E6E7-4634-9FB6-B65434255651}.AppStore|Any CPU.ActiveCfg = Release|Any CPU
		{FFCC698D-E6E7-4634-9FB6-B65434255651}.AppStore|Any CPU.Build.0 = Release|Any CPU
		{FFCC698D-E6E7-4634-9FB6-B65434255651}.AppStore|ARM.ActiveCfg = Release|Any CPU
		{FFCC698D-E6E7-4634-9FB6-B65434255651}.AppStore|ARM.Build.0 = Release|Any CPU
		{FFCC698D-E6E7-4634-9FB6-B65434255651}.AppStore|iPhone.ActiveCfg = Release|Any CPU
		{FFCC698D-E6E7-4634-9FB6-B65434255651}.AppStore|iPhone.Build.0 = Release|Any CPU
		{FFCC698D-E6E7-4634-9FB6-B65434255651}.AppStore|iPhoneSimulator.ActiveCfg = Release|Any CPU
		{FFCC698D-E6E7-4634-9FB6-B65434255651}.AppStore|iPhoneSimulator.Build.0 = Release|Any CPU
		{FFCC698D-E6E7-4634-9FB6-B65434255651}.AppStore|x64.ActiveCfg = Release|Any CPU
		{FFCC698D-E6E7-4634-9FB6-B65434255651}.AppStore|x64.Build.0 = Release|Any CPU
		{FFCC698D-E6E7-4634-9FB6-B65434255651}.AppStore|x86.ActiveCfg = Release|Any CPU
		{FFCC698D-E6E7-4634-9FB6-B65434255651}.AppStore|x86.Build.0 = Release|Any CPU
		{FFCC698D-E6E7-4634-9FB6-B65434255651}.Debug|Any CPU.ActiveCfg = Debug|Any CPU
		{FFCC698D-E6E7-4634-9FB6-B65434255651}.Debug|Any CPU.Build.0 = Debug|Any CPU
		{FFCC698D-E6E7-4634-9FB6-B65434255651}.Debug|ARM.ActiveCfg = Debug|Any CPU
		{FFCC698D-E6E7-4634-9FB6-B65434255651}.Debug|ARM.Build.0 = Debug|Any CPU
		{FFCC698D-E6E7-4634-9FB6-B65434255651}.Debug|iPhone.ActiveCfg = Debug|Any CPU
		{FFCC698D-E6E7-4634-9FB6-B65434255651}.Debug|iPhone.Build.0 = Debug|Any CPU
		{FFCC698D-E6E7-4634-9FB6-B65434255651}.Debug|iPhoneSimulator.ActiveCfg = Debug|Any CPU
		{FFCC698D-E6E7-4634-9FB6-B65434255651}.Debug|iPhoneSimulator.Build.0 = Debug|Any CPU
		{FFCC698D-E6E7-4634-9FB6-B65434255651}.Debug|x64.ActiveCfg = Debug|Any CPU
		{FFCC698D-E6E7-4634-9FB6-B65434255651}.Debug|x64.Build.0 = Debug|Any CPU
		{FFCC698D-E6E7-4634-9FB6-B65434255651}.Debug|x86.ActiveCfg = Debug|Any CPU
		{FFCC698D-E6E7-4634-9FB6-B65434255651}.Debug|x86.Build.0 = Debug|Any CPU
		{FFCC698D-E6E7-4634-9FB6-B65434255651}.Release|Any CPU.ActiveCfg = Release|Any CPU
		{FFCC698D-E6E7-4634-9FB6-B65434255651}.Release|Any CPU.Build.0 = Release|Any CPU
		{FFCC698D-E6E7-4634-9FB6-B65434255651}.Release|ARM.ActiveCfg = Release|Any CPU
		{FFCC698D-E6E7-4634-9FB6-B65434255651}.Release|ARM.Build.0 = Release|Any CPU
		{FFCC698D-E6E7-4634-9FB6-B65434255651}.Release|iPhone.ActiveCfg = Release|Any CPU
		{FFCC698D-E6E7-4634-9FB6-B65434255651}.Release|iPhone.Build.0 = Release|Any CPU
		{FFCC698D-E6E7-4634-9FB6-B65434255651}.Release|iPhoneSimulator.ActiveCfg = Release|Any CPU
		{FFCC698D-E6E7-4634-9FB6-B65434255651}.Release|iPhoneSimulator.Build.0 = Release|Any CPU
		{FFCC698D-E6E7-4634-9FB6-B65434255651}.Release|x64.ActiveCfg = Release|Any CPU
		{FFCC698D-E6E7-4634-9FB6-B65434255651}.Release|x64.Build.0 = Release|Any CPU
		{FFCC698D-E6E7-4634-9FB6-B65434255651}.Release|x86.ActiveCfg = Release|Any CPU
		{FFCC698D-E6E7-4634-9FB6-B65434255651}.Release|x86.Build.0 = Release|Any CPU
		{1A6CA0B6-C281-4F1C-A9E5-265060B7F21D}.Ad-Hoc|Any CPU.ActiveCfg = Release|Any CPU
		{1A6CA0B6-C281-4F1C-A9E5-265060B7F21D}.Ad-Hoc|Any CPU.Build.0 = Release|Any CPU
		{1A6CA0B6-C281-4F1C-A9E5-265060B7F21D}.Ad-Hoc|Any CPU.Deploy.0 = Release|Any CPU
		{1A6CA0B6-C281-4F1C-A9E5-265060B7F21D}.Ad-Hoc|ARM.ActiveCfg = Release|Any CPU
		{1A6CA0B6-C281-4F1C-A9E5-265060B7F21D}.Ad-Hoc|ARM.Build.0 = Release|Any CPU
		{1A6CA0B6-C281-4F1C-A9E5-265060B7F21D}.Ad-Hoc|ARM.Deploy.0 = Release|Any CPU
		{1A6CA0B6-C281-4F1C-A9E5-265060B7F21D}.Ad-Hoc|iPhone.ActiveCfg = Release|Any CPU
		{1A6CA0B6-C281-4F1C-A9E5-265060B7F21D}.Ad-Hoc|iPhone.Build.0 = Release|Any CPU
		{1A6CA0B6-C281-4F1C-A9E5-265060B7F21D}.Ad-Hoc|iPhone.Deploy.0 = Release|Any CPU
		{1A6CA0B6-C281-4F1C-A9E5-265060B7F21D}.Ad-Hoc|iPhoneSimulator.ActiveCfg = Release|Any CPU
		{1A6CA0B6-C281-4F1C-A9E5-265060B7F21D}.Ad-Hoc|iPhoneSimulator.Build.0 = Release|Any CPU
		{1A6CA0B6-C281-4F1C-A9E5-265060B7F21D}.Ad-Hoc|iPhoneSimulator.Deploy.0 = Release|Any CPU
		{1A6CA0B6-C281-4F1C-A9E5-265060B7F21D}.Ad-Hoc|x64.ActiveCfg = Release|Any CPU
		{1A6CA0B6-C281-4F1C-A9E5-265060B7F21D}.Ad-Hoc|x64.Build.0 = Release|Any CPU
		{1A6CA0B6-C281-4F1C-A9E5-265060B7F21D}.Ad-Hoc|x64.Deploy.0 = Release|Any CPU
		{1A6CA0B6-C281-4F1C-A9E5-265060B7F21D}.Ad-Hoc|x86.ActiveCfg = Release|Any CPU
		{1A6CA0B6-C281-4F1C-A9E5-265060B7F21D}.Ad-Hoc|x86.Build.0 = Release|Any CPU
		{1A6CA0B6-C281-4F1C-A9E5-265060B7F21D}.Ad-Hoc|x86.Deploy.0 = Release|Any CPU
		{1A6CA0B6-C281-4F1C-A9E5-265060B7F21D}.AppStore|Any CPU.ActiveCfg = Release|Any CPU
		{1A6CA0B6-C281-4F1C-A9E5-265060B7F21D}.AppStore|Any CPU.Build.0 = Release|Any CPU
		{1A6CA0B6-C281-4F1C-A9E5-265060B7F21D}.AppStore|Any CPU.Deploy.0 = Release|Any CPU
		{1A6CA0B6-C281-4F1C-A9E5-265060B7F21D}.AppStore|ARM.ActiveCfg = Release|Any CPU
		{1A6CA0B6-C281-4F1C-A9E5-265060B7F21D}.AppStore|ARM.Build.0 = Release|Any CPU
		{1A6CA0B6-C281-4F1C-A9E5-265060B7F21D}.AppStore|ARM.Deploy.0 = Release|Any CPU
		{1A6CA0B6-C281-4F1C-A9E5-265060B7F21D}.AppStore|iPhone.ActiveCfg = Release|Any CPU
		{1A6CA0B6-C281-4F1C-A9E5-265060B7F21D}.AppStore|iPhone.Build.0 = Release|Any CPU
		{1A6CA0B6-C281-4F1C-A9E5-265060B7F21D}.AppStore|iPhone.Deploy.0 = Release|Any CPU
		{1A6CA0B6-C281-4F1C-A9E5-265060B7F21D}.AppStore|iPhoneSimulator.ActiveCfg = Release|Any CPU
		{1A6CA0B6-C281-4F1C-A9E5-265060B7F21D}.AppStore|iPhoneSimulator.Build.0 = Release|Any CPU
		{1A6CA0B6-C281-4F1C-A9E5-265060B7F21D}.AppStore|iPhoneSimulator.Deploy.0 = Release|Any CPU
		{1A6CA0B6-C281-4F1C-A9E5-265060B7F21D}.AppStore|x64.ActiveCfg = Release|Any CPU
		{1A6CA0B6-C281-4F1C-A9E5-265060B7F21D}.AppStore|x64.Build.0 = Release|Any CPU
		{1A6CA0B6-C281-4F1C-A9E5-265060B7F21D}.AppStore|x64.Deploy.0 = Release|Any CPU
		{1A6CA0B6-C281-4F1C-A9E5-265060B7F21D}.AppStore|x86.ActiveCfg = Release|Any CPU
		{1A6CA0B6-C281-4F1C-A9E5-265060B7F21D}.AppStore|x86.Build.0 = Release|Any CPU
		{1A6CA0B6-C281-4F1C-A9E5-265060B7F21D}.AppStore|x86.Deploy.0 = Release|Any CPU
		{1A6CA0B6-C281-4F1C-A9E5-265060B7F21D}.Debug|Any CPU.ActiveCfg = Debug|Any CPU
		{1A6CA0B6-C281-4F1C-A9E5-265060B7F21D}.Debug|Any CPU.Build.0 = Debug|Any CPU
		{1A6CA0B6-C281-4F1C-A9E5-265060B7F21D}.Debug|Any CPU.Deploy.0 = Debug|Any CPU
		{1A6CA0B6-C281-4F1C-A9E5-265060B7F21D}.Debug|ARM.ActiveCfg = Debug|Any CPU
		{1A6CA0B6-C281-4F1C-A9E5-265060B7F21D}.Debug|ARM.Build.0 = Debug|Any CPU
		{1A6CA0B6-C281-4F1C-A9E5-265060B7F21D}.Debug|ARM.Deploy.0 = Debug|Any CPU
		{1A6CA0B6-C281-4F1C-A9E5-265060B7F21D}.Debug|iPhone.ActiveCfg = Debug|Any CPU
		{1A6CA0B6-C281-4F1C-A9E5-265060B7F21D}.Debug|iPhone.Build.0 = Debug|Any CPU
		{1A6CA0B6-C281-4F1C-A9E5-265060B7F21D}.Debug|iPhone.Deploy.0 = Debug|Any CPU
		{1A6CA0B6-C281-4F1C-A9E5-265060B7F21D}.Debug|iPhoneSimulator.ActiveCfg = Debug|Any CPU
		{1A6CA0B6-C281-4F1C-A9E5-265060B7F21D}.Debug|iPhoneSimulator.Build.0 = Debug|Any CPU
		{1A6CA0B6-C281-4F1C-A9E5-265060B7F21D}.Debug|iPhoneSimulator.Deploy.0 = Debug|Any CPU
		{1A6CA0B6-C281-4F1C-A9E5-265060B7F21D}.Debug|x64.ActiveCfg = Debug|Any CPU
		{1A6CA0B6-C281-4F1C-A9E5-265060B7F21D}.Debug|x64.Build.0 = Debug|Any CPU
		{1A6CA0B6-C281-4F1C-A9E5-265060B7F21D}.Debug|x64.Deploy.0 = Debug|Any CPU
		{1A6CA0B6-C281-4F1C-A9E5-265060B7F21D}.Debug|x86.ActiveCfg = Debug|Any CPU
		{1A6CA0B6-C281-4F1C-A9E5-265060B7F21D}.Debug|x86.Build.0 = Debug|Any CPU
		{1A6CA0B6-C281-4F1C-A9E5-265060B7F21D}.Debug|x86.Deploy.0 = Debug|Any CPU
		{1A6CA0B6-C281-4F1C-A9E5-265060B7F21D}.Release|Any CPU.ActiveCfg = Release|Any CPU
		{1A6CA0B6-C281-4F1C-A9E5-265060B7F21D}.Release|Any CPU.Build.0 = Release|Any CPU
		{1A6CA0B6-C281-4F1C-A9E5-265060B7F21D}.Release|Any CPU.Deploy.0 = Release|Any CPU
		{1A6CA0B6-C281-4F1C-A9E5-265060B7F21D}.Release|ARM.ActiveCfg = Release|Any CPU
		{1A6CA0B6-C281-4F1C-A9E5-265060B7F21D}.Release|ARM.Build.0 = Release|Any CPU
		{1A6CA0B6-C281-4F1C-A9E5-265060B7F21D}.Release|ARM.Deploy.0 = Release|Any CPU
		{1A6CA0B6-C281-4F1C-A9E5-265060B7F21D}.Release|iPhone.ActiveCfg = Release|Any CPU
		{1A6CA0B6-C281-4F1C-A9E5-265060B7F21D}.Release|iPhone.Build.0 = Release|Any CPU
		{1A6CA0B6-C281-4F1C-A9E5-265060B7F21D}.Release|iPhone.Deploy.0 = Release|Any CPU
		{1A6CA0B6-C281-4F1C-A9E5-265060B7F21D}.Release|iPhoneSimulator.ActiveCfg = Release|Any CPU
		{1A6CA0B6-C281-4F1C-A9E5-265060B7F21D}.Release|iPhoneSimulator.Build.0 = Release|Any CPU
		{1A6CA0B6-C281-4F1C-A9E5-265060B7F21D}.Release|iPhoneSimulator.Deploy.0 = Release|Any CPU
		{1A6CA0B6-C281-4F1C-A9E5-265060B7F21D}.Release|x64.ActiveCfg = Release|Any CPU
		{1A6CA0B6-C281-4F1C-A9E5-265060B7F21D}.Release|x64.Build.0 = Release|Any CPU
		{1A6CA0B6-C281-4F1C-A9E5-265060B7F21D}.Release|x64.Deploy.0 = Release|Any CPU
		{1A6CA0B6-C281-4F1C-A9E5-265060B7F21D}.Release|x86.ActiveCfg = Release|Any CPU
		{1A6CA0B6-C281-4F1C-A9E5-265060B7F21D}.Release|x86.Build.0 = Release|Any CPU
		{1A6CA0B6-C281-4F1C-A9E5-265060B7F21D}.Release|x86.Deploy.0 = Release|Any CPU
		{64C2E589-0583-40E8-A20F-B43948ADAAC5}.Ad-Hoc|Any CPU.ActiveCfg = Ad-Hoc|iPhone
		{64C2E589-0583-40E8-A20F-B43948ADAAC5}.Ad-Hoc|ARM.ActiveCfg = Ad-Hoc|iPhone
		{64C2E589-0583-40E8-A20F-B43948ADAAC5}.Ad-Hoc|iPhone.ActiveCfg = Ad-Hoc|iPhone
		{64C2E589-0583-40E8-A20F-B43948ADAAC5}.Ad-Hoc|iPhone.Build.0 = Ad-Hoc|iPhone
		{64C2E589-0583-40E8-A20F-B43948ADAAC5}.Ad-Hoc|iPhoneSimulator.ActiveCfg = Ad-Hoc|iPhoneSimulator
		{64C2E589-0583-40E8-A20F-B43948ADAAC5}.Ad-Hoc|iPhoneSimulator.Build.0 = Ad-Hoc|iPhoneSimulator
		{64C2E589-0583-40E8-A20F-B43948ADAAC5}.Ad-Hoc|x64.ActiveCfg = Ad-Hoc|iPhone
		{64C2E589-0583-40E8-A20F-B43948ADAAC5}.Ad-Hoc|x86.ActiveCfg = Ad-Hoc|iPhone
		{64C2E589-0583-40E8-A20F-B43948ADAAC5}.AppStore|Any CPU.ActiveCfg = AppStore|iPhone
		{64C2E589-0583-40E8-A20F-B43948ADAAC5}.AppStore|ARM.ActiveCfg = AppStore|iPhone
		{64C2E589-0583-40E8-A20F-B43948ADAAC5}.AppStore|iPhone.ActiveCfg = AppStore|iPhone
		{64C2E589-0583-40E8-A20F-B43948ADAAC5}.AppStore|iPhone.Build.0 = AppStore|iPhone
		{64C2E589-0583-40E8-A20F-B43948ADAAC5}.AppStore|iPhoneSimulator.ActiveCfg = AppStore|iPhoneSimulator
		{64C2E589-0583-40E8-A20F-B43948ADAAC5}.AppStore|iPhoneSimulator.Build.0 = AppStore|iPhoneSimulator
		{64C2E589-0583-40E8-A20F-B43948ADAAC5}.AppStore|x64.ActiveCfg = AppStore|iPhone
		{64C2E589-0583-40E8-A20F-B43948ADAAC5}.AppStore|x86.ActiveCfg = AppStore|iPhone
		{64C2E589-0583-40E8-A20F-B43948ADAAC5}.Debug|Any CPU.ActiveCfg = Debug|iPhone
		{64C2E589-0583-40E8-A20F-B43948ADAAC5}.Debug|ARM.ActiveCfg = Debug|iPhone
		{64C2E589-0583-40E8-A20F-B43948ADAAC5}.Debug|iPhone.ActiveCfg = Debug|iPhone
		{64C2E589-0583-40E8-A20F-B43948ADAAC5}.Debug|iPhone.Build.0 = Debug|iPhone
		{64C2E589-0583-40E8-A20F-B43948ADAAC5}.Debug|iPhoneSimulator.ActiveCfg = Debug|iPhoneSimulator
		{64C2E589-0583-40E8-A20F-B43948ADAAC5}.Debug|iPhoneSimulator.Build.0 = Debug|iPhoneSimulator
		{64C2E589-0583-40E8-A20F-B43948ADAAC5}.Debug|x64.ActiveCfg = Debug|iPhone
		{64C2E589-0583-40E8-A20F-B43948ADAAC5}.Debug|x86.ActiveCfg = Debug|iPhone
		{64C2E589-0583-40E8-A20F-B43948ADAAC5}.Release|Any CPU.ActiveCfg = Release|iPhone
		{64C2E589-0583-40E8-A20F-B43948ADAAC5}.Release|ARM.ActiveCfg = Release|iPhone
		{64C2E589-0583-40E8-A20F-B43948ADAAC5}.Release|iPhone.ActiveCfg = Release|iPhone
		{64C2E589-0583-40E8-A20F-B43948ADAAC5}.Release|iPhone.Build.0 = Release|iPhone
		{64C2E589-0583-40E8-A20F-B43948ADAAC5}.Release|iPhoneSimulator.ActiveCfg = Release|iPhoneSimulator
		{64C2E589-0583-40E8-A20F-B43948ADAAC5}.Release|iPhoneSimulator.Build.0 = Release|iPhoneSimulator
		{64C2E589-0583-40E8-A20F-B43948ADAAC5}.Release|x64.ActiveCfg = Release|iPhone
		{64C2E589-0583-40E8-A20F-B43948ADAAC5}.Release|x86.ActiveCfg = Release|iPhone
		{479B0549-E0D3-4F7E-863B-7EE74B50A9CE}.Ad-Hoc|Any CPU.ActiveCfg = Release|x86
		{479B0549-E0D3-4F7E-863B-7EE74B50A9CE}.Ad-Hoc|Any CPU.Build.0 = Release|x86
		{479B0549-E0D3-4F7E-863B-7EE74B50A9CE}.Ad-Hoc|Any CPU.Deploy.0 = Release|x86
		{479B0549-E0D3-4F7E-863B-7EE74B50A9CE}.Ad-Hoc|ARM.ActiveCfg = Release|ARM
		{479B0549-E0D3-4F7E-863B-7EE74B50A9CE}.Ad-Hoc|ARM.Build.0 = Release|ARM
		{479B0549-E0D3-4F7E-863B-7EE74B50A9CE}.Ad-Hoc|ARM.Deploy.0 = Release|ARM
		{479B0549-E0D3-4F7E-863B-7EE74B50A9CE}.Ad-Hoc|iPhone.ActiveCfg = Release|x86
		{479B0549-E0D3-4F7E-863B-7EE74B50A9CE}.Ad-Hoc|iPhone.Build.0 = Release|x86
		{479B0549-E0D3-4F7E-863B-7EE74B50A9CE}.Ad-Hoc|iPhone.Deploy.0 = Release|x86
		{479B0549-E0D3-4F7E-863B-7EE74B50A9CE}.Ad-Hoc|iPhoneSimulator.ActiveCfg = Release|x86
		{479B0549-E0D3-4F7E-863B-7EE74B50A9CE}.Ad-Hoc|iPhoneSimulator.Build.0 = Release|x86
		{479B0549-E0D3-4F7E-863B-7EE74B50A9CE}.Ad-Hoc|iPhoneSimulator.Deploy.0 = Release|x86
		{479B0549-E0D3-4F7E-863B-7EE74B50A9CE}.Ad-Hoc|x64.ActiveCfg = Release|x64
		{479B0549-E0D3-4F7E-863B-7EE74B50A9CE}.Ad-Hoc|x64.Build.0 = Release|x64
		{479B0549-E0D3-4F7E-863B-7EE74B50A9CE}.Ad-Hoc|x64.Deploy.0 = Release|x64
		{479B0549-E0D3-4F7E-863B-7EE74B50A9CE}.Ad-Hoc|x86.ActiveCfg = Release|x86
		{479B0549-E0D3-4F7E-863B-7EE74B50A9CE}.Ad-Hoc|x86.Build.0 = Release|x86
		{479B0549-E0D3-4F7E-863B-7EE74B50A9CE}.Ad-Hoc|x86.Deploy.0 = Release|x86
		{479B0549-E0D3-4F7E-863B-7EE74B50A9CE}.AppStore|Any CPU.ActiveCfg = Release|x86
		{479B0549-E0D3-4F7E-863B-7EE74B50A9CE}.AppStore|Any CPU.Build.0 = Release|x86
		{479B0549-E0D3-4F7E-863B-7EE74B50A9CE}.AppStore|Any CPU.Deploy.0 = Release|x86
		{479B0549-E0D3-4F7E-863B-7EE74B50A9CE}.AppStore|ARM.ActiveCfg = Release|ARM
		{479B0549-E0D3-4F7E-863B-7EE74B50A9CE}.AppStore|ARM.Build.0 = Release|ARM
		{479B0549-E0D3-4F7E-863B-7EE74B50A9CE}.AppStore|ARM.Deploy.0 = Release|ARM
		{479B0549-E0D3-4F7E-863B-7EE74B50A9CE}.AppStore|iPhone.ActiveCfg = Release|x86
		{479B0549-E0D3-4F7E-863B-7EE74B50A9CE}.AppStore|iPhone.Build.0 = Release|x86
		{479B0549-E0D3-4F7E-863B-7EE74B50A9CE}.AppStore|iPhone.Deploy.0 = Release|x86
		{479B0549-E0D3-4F7E-863B-7EE74B50A9CE}.AppStore|iPhoneSimulator.ActiveCfg = Release|x86
		{479B0549-E0D3-4F7E-863B-7EE74B50A9CE}.AppStore|iPhoneSimulator.Build.0 = Release|x86
		{479B0549-E0D3-4F7E-863B-7EE74B50A9CE}.AppStore|iPhoneSimulator.Deploy.0 = Release|x86
		{479B0549-E0D3-4F7E-863B-7EE74B50A9CE}.AppStore|x64.ActiveCfg = Release|x64
		{479B0549-E0D3-4F7E-863B-7EE74B50A9CE}.AppStore|x64.Build.0 = Release|x64
		{479B0549-E0D3-4F7E-863B-7EE74B50A9CE}.AppStore|x64.Deploy.0 = Release|x64
		{479B0549-E0D3-4F7E-863B-7EE74B50A9CE}.AppStore|x86.ActiveCfg = Release|x86
		{479B0549-E0D3-4F7E-863B-7EE74B50A9CE}.AppStore|x86.Build.0 = Release|x86
		{479B0549-E0D3-4F7E-863B-7EE74B50A9CE}.AppStore|x86.Deploy.0 = Release|x86
		{479B0549-E0D3-4F7E-863B-7EE74B50A9CE}.Debug|Any CPU.ActiveCfg = Debug|x86
		{479B0549-E0D3-4F7E-863B-7EE74B50A9CE}.Debug|ARM.ActiveCfg = Debug|ARM
		{479B0549-E0D3-4F7E-863B-7EE74B50A9CE}.Debug|ARM.Build.0 = Debug|ARM
		{479B0549-E0D3-4F7E-863B-7EE74B50A9CE}.Debug|ARM.Deploy.0 = Debug|ARM
		{479B0549-E0D3-4F7E-863B-7EE74B50A9CE}.Debug|iPhone.ActiveCfg = Debug|x86
		{479B0549-E0D3-4F7E-863B-7EE74B50A9CE}.Debug|iPhoneSimulator.ActiveCfg = Debug|x86
		{479B0549-E0D3-4F7E-863B-7EE74B50A9CE}.Debug|x64.ActiveCfg = Debug|x64
		{479B0549-E0D3-4F7E-863B-7EE74B50A9CE}.Debug|x64.Build.0 = Debug|x64
		{479B0549-E0D3-4F7E-863B-7EE74B50A9CE}.Debug|x64.Deploy.0 = Debug|x64
		{479B0549-E0D3-4F7E-863B-7EE74B50A9CE}.Debug|x86.ActiveCfg = Debug|x86
		{479B0549-E0D3-4F7E-863B-7EE74B50A9CE}.Debug|x86.Build.0 = Debug|x86
		{479B0549-E0D3-4F7E-863B-7EE74B50A9CE}.Debug|x86.Deploy.0 = Debug|x86
		{479B0549-E0D3-4F7E-863B-7EE74B50A9CE}.Release|Any CPU.ActiveCfg = Release|x86
		{479B0549-E0D3-4F7E-863B-7EE74B50A9CE}.Release|ARM.ActiveCfg = Release|ARM
		{479B0549-E0D3-4F7E-863B-7EE74B50A9CE}.Release|ARM.Build.0 = Release|ARM
		{479B0549-E0D3-4F7E-863B-7EE74B50A9CE}.Release|ARM.Deploy.0 = Release|ARM
		{479B0549-E0D3-4F7E-863B-7EE74B50A9CE}.Release|iPhone.ActiveCfg = Release|x86
		{479B0549-E0D3-4F7E-863B-7EE74B50A9CE}.Release|iPhoneSimulator.ActiveCfg = Release|x86
		{479B0549-E0D3-4F7E-863B-7EE74B50A9CE}.Release|x64.ActiveCfg = Release|x64
		{479B0549-E0D3-4F7E-863B-7EE74B50A9CE}.Release|x64.Build.0 = Release|x64
		{479B0549-E0D3-4F7E-863B-7EE74B50A9CE}.Release|x64.Deploy.0 = Release|x64
		{479B0549-E0D3-4F7E-863B-7EE74B50A9CE}.Release|x86.ActiveCfg = Release|x86
		{479B0549-E0D3-4F7E-863B-7EE74B50A9CE}.Release|x86.Build.0 = Release|x86
		{479B0549-E0D3-4F7E-863B-7EE74B50A9CE}.Release|x86.Deploy.0 = Release|x86
	EndGlobalSection
	GlobalSection(SolutionProperties) = preSolution
		HideSolutionNode = FALSE
	EndGlobalSection
EndGlobal
